{
  "requires": true,
  "lockfileVersion": 1,
  "dependencies": {
    "@shopify/draggable": {
      "version": "1.0.0-beta.7",
      "resolved": "https://registry.npmjs.org/@shopify/draggable/-/draggable-1.0.0-beta.7.tgz",
      "integrity": "sha512-xNHOcZScvRWfvPeCFyX0JRCuzJuzX1OSjIoJbTb8vYSkHrmw2nEKtnRQZa4p7SIGMxNC7LE50TPWl0J7XV6D0g=="
    }
  }
}
